// !$*UTF8*$!
{
	archiveVersion = 1;
	classes = {
	};
	objectVersion = 56;
	objects = {

/* Begin PBXBuildFile section */
		846A3A542AD049CD00FFD455 /* AppDelegate.swift in Sources */ = {isa = PBXBuildFile; fileRef = 846A3A532AD049CD00FFD455 /* AppDelegate.swift */; };
		846A3A582AD049CD00FFD455 /* ViewController.swift in Sources */ = {isa = PBXBuildFile; fileRef = 846A3A572AD049CD00FFD455 /* ViewController.swift */; };
		846A3A5B2AD049CD00FFD455 /* Main.storyboard in Resources */ = {isa = PBXBuildFile; fileRef = 846A3A592AD049CD00FFD455 /* Main.storyboard */; };
		846A3A5D2AD049CE00FFD455 /* Assets.xcassets in Resources */ = {isa = PBXBuildFile; fileRef = 846A3A5C2AD049CE00FFD455 /* Assets.xcassets */; };
		846A3A602AD049CE00FFD455 /* LaunchScreen.storyboard in Resources */ = {isa = PBXBuildFile; fileRef = 846A3A5E2AD049CE00FFD455 /* LaunchScreen.storyboard */; };
		846A3A682AD04B3300FFD455 /* APIManager.swift in Sources */ = {isa = PBXBuildFile; fileRef = 846A3A672AD04B3300FFD455 /* APIManager.swift */; };
		846A3A6E2AD0560D00FFD455 /* CharacterModel.swift in Sources */ = {isa = PBXBuildFile; fileRef = 846A3A6D2AD0560D00FFD455 /* CharacterModel.swift */; };
		846A3A702AD05B8E00FFD455 /* ViewModelCharacter.swift in Sources */ = {isa = PBXBuildFile; fileRef = 846A3A6F2AD05B8E00FFD455 /* ViewModelCharacter.swift */; };
		846A3A782AD0631B00FFD455 /* GlobalModel.swift in Sources */ = {isa = PBXBuildFile; fileRef = 846A3A772AD0631B00FFD455 /* GlobalModel.swift */; };
		846A3A802AD14C9600FFD455 /* PrimeryCollectionViewCell.swift in Sources */ = {isa = PBXBuildFile; fileRef = 846A3A7E2AD14C9600FFD455 /* PrimeryCollectionViewCell.swift */; };
		846A3A812AD14C9600FFD455 /* PrimeryCollectionViewCell.xib in Resources */ = {isa = PBXBuildFile; fileRef = 846A3A7F2AD14C9600FFD455 /* PrimeryCollectionViewCell.xib */; };
		846A3A842AD1510100FFD455 /* ComicViewController.swift in Sources */ = {isa = PBXBuildFile; fileRef = 846A3A832AD1510100FFD455 /* ComicViewController.swift */; };
		846A3A892AD1522300FFD455 /* ViewModelComics.swift in Sources */ = {isa = PBXBuildFile; fileRef = 846A3A882AD1522300FFD455 /* ViewModelComics.swift */; };
		846A3A8B2AD152CD00FFD455 /* ComicModel.swift in Sources */ = {isa = PBXBuildFile; fileRef = 846A3A8A2AD152CD00FFD455 /* ComicModel.swift */; };
/* End PBXBuildFile section */

/* Begin PBXFileReference section */
		846A3A502AD049CD00FFD455 /* MarvelDemo.app */ = {isa = PBXFileReference; explicitFileType = wrapper.application; includeInIndex = 0; path = MarvelDemo.app; sourceTree = BUILT_PRODUCTS_DIR; };
		846A3A532AD049CD00FFD455 /* AppDelegate.swift */ = {isa = PBXFileReference; lastKnownFileType = sourcecode.swift; path = AppDelegate.swift; sourceTree = "<group>"; };
		846A3A572AD049CD00FFD455 /* ViewController.swift */ = {isa = PBXFileReference; lastKnownFileType = sourcecode.swift; path = ViewController.swift; sourceTree = "<group>"; };
		846A3A5A2AD049CD00FFD455 /* Base */ = {isa = PBXFileReference; lastKnownFileType = file.storyboard; name = Base; path = Base.lproj/Main.storyboard; sourceTree = "<group>"; };
		846A3A5C2AD049CE00FFD455 /* Assets.xcassets */ = {isa = PBXFileReference; lastKnownFileType = folder.assetcatalog; path = Assets.xcassets; sourceTree = "<group>"; };
		846A3A5F2AD049CE00FFD455 /* Base */ = {isa = PBXFileReference; lastKnownFileType = file.storyboard; name = Base; path = Base.lproj/LaunchScreen.storyboard; sourceTree = "<group>"; };
		846A3A612AD049CE00FFD455 /* Info.plist */ = {isa = PBXFileReference; lastKnownFileType = text.plist.xml; path = Info.plist; sourceTree = "<group>"; };
		846A3A672AD04B3300FFD455 /* APIManager.swift */ = {isa = PBXFileReference; fileEncoding = 4; lastKnownFileType = sourcecode.swift; path = APIManager.swift; sourceTree = "<group>"; };
		846A3A6D2AD0560D00FFD455 /* CharacterModel.swift */ = {isa = PBXFileReference; lastKnownFileType = sourcecode.swift; path = CharacterModel.swift; sourceTree = "<group>"; };
		846A3A6F2AD05B8E00FFD455 /* ViewModelCharacter.swift */ = {isa = PBXFileReference; lastKnownFileType = sourcecode.swift; path = ViewModelCharacter.swift; sourceTree = "<group>"; };
		846A3A772AD0631B00FFD455 /* GlobalModel.swift */ = {isa = PBXFileReference; lastKnownFileType = sourcecode.swift; path = GlobalModel.swift; sourceTree = "<group>"; };
		846A3A7E2AD14C9600FFD455 /* PrimeryCollectionViewCell.swift */ = {isa = PBXFileReference; lastKnownFileType = sourcecode.swift; path = PrimeryCollectionViewCell.swift; sourceTree = "<group>"; };
		846A3A7F2AD14C9600FFD455 /* PrimeryCollectionViewCell.xib */ = {isa = PBXFileReference; lastKnownFileType = file.xib; path = PrimeryCollectionViewCell.xib; sourceTree = "<group>"; };
		846A3A832AD1510100FFD455 /* ComicViewController.swift */ = {isa = PBXFileReference; lastKnownFileType = sourcecode.swift; path = ComicViewController.swift; sourceTree = "<group>"; };
		846A3A882AD1522300FFD455 /* ViewModelComics.swift */ = {isa = PBXFileReference; lastKnownFileType = sourcecode.swift; path = ViewModelComics.swift; sourceTree = "<group>"; };
		846A3A8A2AD152CD00FFD455 /* ComicModel.swift */ = {isa = PBXFileReference; lastKnownFileType = sourcecode.swift; path = ComicModel.swift; sourceTree = "<group>"; };
/* End PBXFileReference section */

/* Begin PBXFrameworksBuildPhase section */
		846A3A4D2AD049CD00FFD455 /* Frameworks */ = {
			isa = PBXFrameworksBuildPhase;
			buildActionMask = 2147483647;
			files = (
			);
			runOnlyForDeploymentPostprocessing = 0;
		};
/* End PBXFrameworksBuildPhase section */

/* Begin PBXGroup section */
		846A3A472AD049CD00FFD455 = {
			isa = PBXGroup;
			children = (
				846A3A522AD049CD00FFD455 /* MarvelDemo */,
				846A3A512AD049CD00FFD455 /* Products */,
			);
			sourceTree = "<group>";
		};
		846A3A512AD049CD00FFD455 /* Products */ = {
			isa = PBXGroup;
			children = (
				846A3A502AD049CD00FFD455 /* MarvelDemo.app */,
			);
			name = Products;
			sourceTree = "<group>";
		};
		846A3A522AD049CD00FFD455 /* MarvelDemo */ = {
			isa = PBXGroup;
			children = (
				846A3A822AD150EF00FFD455 /* Comics */,
				846A3A712AD05B9F00FFD455 /* Character */,
				846A3A672AD04B3300FFD455 /* APIManager.swift */,
				846A3A532AD049CD00FFD455 /* AppDelegate.swift */,
				846A3A592AD049CD00FFD455 /* Main.storyboard */,
				846A3A5C2AD049CE00FFD455 /* Assets.xcassets */,
				846A3A5E2AD049CE00FFD455 /* LaunchScreen.storyboard */,
				846A3A612AD049CE00FFD455 /* Info.plist */,
				846A3A772AD0631B00FFD455 /* GlobalModel.swift */,
			);
			path = MarvelDemo;
			sourceTree = "<group>";
		};
		846A3A6C2AD055F600FFD455 /* Model */ = {
			isa = PBXGroup;
			children = (
				846A3A6D2AD0560D00FFD455 /* CharacterModel.swift */,
			);
			path = Model;
			sourceTree = "<group>";
		};
		846A3A712AD05B9F00FFD455 /* Character */ = {
			isa = PBXGroup;
			children = (
				846A3A742AD0601700FFD455 /* Cells */,
				846A3A732AD05BE600FFD455 /* ViewModel */,
				846A3A722AD05BD700FFD455 /* ViewControllers */,
				846A3A6C2AD055F600FFD455 /* Model */,
			);
			path = Character;
			sourceTree = "<group>";
		};
		846A3A722AD05BD700FFD455 /* ViewControllers */ = {
			isa = PBXGroup;
			children = (
				846A3A572AD049CD00FFD455 /* ViewController.swift */,
			);
			path = ViewControllers;
			sourceTree = "<group>";
		};
		846A3A732AD05BE600FFD455 /* ViewModel */ = {
			isa = PBXGroup;
			children = (
				846A3A6F2AD05B8E00FFD455 /* ViewModelCharacter.swift */,
			);
			path = ViewModel;
			sourceTree = "<group>";
		};
		846A3A742AD0601700FFD455 /* Cells */ = {
			isa = PBXGroup;
			children = (
				846A3A7E2AD14C9600FFD455 /* PrimeryCollectionViewCell.swift */,
				846A3A7F2AD14C9600FFD455 /* PrimeryCollectionViewCell.xib */,
			);
			path = Cells;
			sourceTree = "<group>";
		};
		846A3A822AD150EF00FFD455 /* Comics */ = {
			isa = PBXGroup;
			children = (
				846A3A872AD1520100FFD455 /* ViewModel */,
				846A3A862AD151E200FFD455 /* Model */,
				846A3A852AD151D700FFD455 /* ViewControllers */,
			);
			path = Comics;
			sourceTree = "<group>";
		};
		846A3A852AD151D700FFD455 /* ViewControllers */ = {
			isa = PBXGroup;
			children = (
				846A3A832AD1510100FFD455 /* ComicViewController.swift */,
			);
			path = ViewControllers;
			sourceTree = "<group>";
		};
		846A3A862AD151E200FFD455 /* Model */ = {
			isa = PBXGroup;
			children = (
				846A3A8A2AD152CD00FFD455 /* ComicModel.swift */,
			);
			path = Model;
			sourceTree = "<group>";
		};
		846A3A872AD1520100FFD455 /* ViewModel */ = {
			isa = PBXGroup;
			children = (
				846A3A882AD1522300FFD455 /* ViewModelComics.swift */,
			);
			path = ViewModel;
			sourceTree = "<group>";
		};
/* End PBXGroup section */

/* Begin PBXNativeTarget section */
		846A3A4F2AD049CD00FFD455 /* MarvelDemo */ = {
			isa = PBXNativeTarget;
			buildConfigurationList = 846A3A642AD049CE00FFD455 /* Build configuration list for PBXNativeTarget "MarvelDemo" */;
			buildPhases = (
				846A3A4C2AD049CD00FFD455 /* Sources */,
				846A3A4D2AD049CD00FFD455 /* Frameworks */,
				846A3A4E2AD049CD00FFD455 /* Resources */,
			);
			buildRules = (
			);
			dependencies = (
			);
			name = MarvelDemo;
			packageProductDependencies = (
			);
			productName = MarvelDemo;
			productReference = 846A3A502AD049CD00FFD455 /* MarvelDemo.app */;
			productType = "com.apple.product-type.application";
		};
/* End PBXNativeTarget section */

/* Begin PBXProject section */
		846A3A482AD049CD00FFD455 /* Project object */ = {
			isa = PBXProject;
			attributes = {
				BuildIndependentTargetsInParallel = 1;
				LastSwiftUpdateCheck = 1410;
				LastUpgradeCheck = 1410;
				TargetAttributes = {
					846A3A4F2AD049CD00FFD455 = {
						CreatedOnToolsVersion = 14.1;
					};
				};
			};
			buildConfigurationList = 846A3A4B2AD049CD00FFD455 /* Build configuration list for PBXProject "MarvelDemo" */;
			compatibilityVersion = "Xcode 14.0";
			developmentRegion = en;
			hasScannedForEncodings = 0;
			knownRegions = (
				en,
				Base,
			);
			mainGroup = 846A3A472AD049CD00FFD455;
			packageReferences = (
			);
			productRefGroup = 846A3A512AD049CD00FFD455 /* Products */;
			projectDirPath = "";
			projectRoot = "";
			targets = (
				846A3A4F2AD049CD00FFD455 /* MarvelDemo */,
			);
		};
/* End PBXProject section */

/* Begin PBXResourcesBuildPhase section */
		846A3A4E2AD049CD00FFD455 /* Resources */ = {
			isa = PBXResourcesBuildPhase;
			buildActionMask = 2147483647;
			files = (
				846A3A602AD049CE00FFD455 /* LaunchScreen.storyboard in Resources */,
				846A3A812AD14C9600FFD455 /* PrimeryCollectionViewCell.xib in Resources */,
				846A3A5D2AD049CE00FFD455 /* Assets.xcassets in Resources */,
				846A3A5B2AD049CD00FFD455 /* Main.storyboard in Resources */,
			);
			runOnlyForDeploymentPostprocessing = 0;
		};
/* End PBXResourcesBuildPhase section */

/* Begin PBXSourcesBuildPhase section */
		846A3A4C2AD049CD00FFD455 /* Sources */ = {
			isa = PBXSourcesBuildPhase;
			buildActionMask = 2147483647;
			files = (
				846A3A702AD05B8E00FFD455 /* ViewModelCharacter.swift in Sources */,
				846A3A802AD14C9600FFD455 /* PrimeryCollectionViewCell.swift in Sources */,
				846A3A682AD04B3300FFD455 /* APIManager.swift in Sources */,
				846A3A8B2AD152CD00FFD455 /* ComicModel.swift in Sources */,
				846A3A892AD1522300FFD455 /* ViewModelComics.swift in Sources */,
				846A3A782AD0631B00FFD455 /* GlobalModel.swift in Sources */,
				846A3A6E2AD0560D00FFD455 /* CharacterModel.swift in Sources */,
				846A3A582AD049CD00FFD455 /* ViewController.swift in Sources */,
				846A3A842AD1510100FFD455 /* ComicViewController.swift in Sources */,
				846A3A542AD049CD00FFD455 /* AppDelegate.swift in Sources */,
			);
			runOnlyForDeploymentPostprocessing = 0;
		};
/* End PBXSourcesBuildPhase section */

/* Begin PBXVariantGroup section */
		846A3A592AD049CD00FFD455 /* Main.storyboard */ = {
			isa = PBXVariantGroup;
			children = (
				846A3A5A2AD049CD00FFD455 /* Base */,
			);
			name = Main.storyboard;
			sourceTree = "<group>";
		};
		846A3A5E2AD049CE00FFD455 /* LaunchScreen.storyboard */ = {
			isa = PBXVariantGroup;
			children = (
				846A3A5F2AD049CE00FFD455 /* Base */,
			);
			name = LaunchScreen.storyboard;
			sourceTree = "<group>";
		};
/* End PBXVariantGroup section */

/* Begin XCBuildConfiguration section */
		846A3A622AD049CE00FFD455 /* Debug */ = {
			isa = XCBuildConfiguration;
			buildSettings = {
				ALWAYS_SEARCH_USER_PATHS = NO;
				CLANG_ANALYZER_NONNULL = YES;
				CLANG_ANALYZER_NUMBER_OBJECT_CONVERSION = YES_AGGRESSIVE;
				CLANG_CXX_LANGUAGE_STANDARD = "gnu++20";
				CLANG_ENABLE_MODULES = YES;
				CLANG_ENABLE_OBJC_ARC = YES;
				CLANG_ENABLE_OBJC_WEAK = YES;
				CLANG_WARN_BLOCK_CAPTURE_AUTORELEASING = YES;
				CLANG_WARN_BOOL_CONVERSION = YES;
				CLANG_WARN_COMMA = YES;
				CLANG_WARN_CONSTANT_CONVERSION = YES;
				CLANG_WARN_DEPRECATED_OBJC_IMPLEMENTATIONS = YES;
				CLANG_WARN_DIRECT_OBJC_ISA_USAGE = YES_ERROR;
				CLANG_WARN_DOCUMENTATION_COMMENTS = YES;
				CLANG_WARN_EMPTY_BODY = YES;
				CLANG_WARN_ENUM_CONVERSION = YES;
				CLANG_WARN_INFINITE_RECURSION = YES;
				CLANG_WARN_INT_CONVERSION = YES;
				CLANG_WARN_NON_LITERAL_NULL_CONVERSION = YES;
				CLANG_WARN_OBJC_IMPLICIT_RETAIN_SELF = YES;
				CLANG_WARN_OBJC_LITERAL_CONVERSION = YES;
				CLANG_WARN_OBJC_ROOT_CLASS = YES_ERROR;
				CLANG_WARN_QUOTED_INCLUDE_IN_FRAMEWORK_HEADER = YES;
				CLANG_WARN_RANGE_LOOP_ANALYSIS = YES;
				CLANG_WARN_STRICT_PROTOTYPES = YES;
				CLANG_WARN_SUSPICIOUS_MOVE = YES;
				CLANG_WARN_UNGUARDED_AVAILABILITY = YES_AGGRESSIVE;
				CLANG_WARN_UNREACHABLE_CODE = YES;
				CLANG_WARN__DUPLICATE_METHOD_MATCH = YES;
				COPY_PHASE_STRIP = NO;
				DEBUG_INFORMATION_FORMAT = dwarf;
				ENABLE_STRICT_OBJC_MSGSEND = YES;
				ENABLE_TESTABILITY = YES;
				GCC_C_LANGUAGE_STANDARD = gnu11;
				GCC_DYNAMIC_NO_PIC = NO;
				GCC_NO_COMMON_BLOCKS = YES;
				GCC_OPTIMIZATION_LEVEL = 0;
				GCC_PREPROCESSOR_DEFINITIONS = (
					"DEBUG=1",
					"$(inherited)",
				);
				GCC_WARN_64_TO_32_BIT_CONVERSION = YES;
				GCC_WARN_ABOUT_RETURN_TYPE = YES_ERROR;
				GCC_WARN_UNDECLARED_SELECTOR = YES;
				GCC_WARN_UNINITIALIZED_AUTOS = YES_AGGRESSIVE;
				GCC_WARN_UNUSED_FUNCTION = YES;
				GCC_WARN_UNUSED_VARIABLE = YES;
				IPHONEOS_DEPLOYMENT_TARGET = 16.1;
				MTL_ENABLE_DEBUG_INFO = INCLUDE_SOURCE;
				MTL_FAST_MATH = YES;
				ONLY_ACTIVE_ARCH = YES;
				SDKROOT = iphoneos;
				SWIFT_ACTIVE_COMPILATION_CONDITIONS = DEBUG;
				SWIFT_OPTIMIZATION_LEVEL = "-Onone";
			};
			name = Debug;
		};
		846A3A632AD049CE00FFD455 /* Release */ = {
			isa = XCBuildConfiguration;
			buildSettings = {
				ALWAYS_SEARCH_USER_PATHS = NO;
				CLANG_ANALYZER_NONNULL = YES;
				CLANG_ANALYZER_NUMBER_OBJECT_CONVERSION = YES_AGGRESSIVE;
				CLANG_CXX_LANGUAGE_STANDARD = "gnu++20";
				CLANG_ENABLE_MODULES = YES;
				CLANG_ENABLE_OBJC_ARC = YES;
				CLANG_ENABLE_OBJC_WEAK = YES;
				CLANG_WARN_BLOCK_CAPTURE_AUTORELEASING = YES;
				CLANG_WARN_BOOL_CONVERSION = YES;
				CLANG_WARN_COMMA = YES;
				CLANG_WARN_CONSTANT_CONVERSION = YES;
				CLANG_WARN_DEPRECATED_OBJC_IMPLEMENTATIONS = YES;
				CLANG_WARN_DIRECT_OBJC_ISA_USAGE = YES_ERROR;
				CLANG_WARN_DOCUMENTATION_COMMENTS = YES;
				CLANG_WARN_EMPTY_BODY = YES;
				CLANG_WARN_ENUM_CONVERSION = YES;
				CLANG_WARN_INFINITE_RECURSION = YES;
				CLANG_WARN_INT_CONVERSION = YES;
				CLANG_WARN_NON_LITERAL_NULL_CONVERSION = YES;
				CLANG_WARN_OBJC_IMPLICIT_RETAIN_SELF = YES;
				CLANG_WARN_OBJC_LITERAL_CONVERSION = YES;
				CLANG_WARN_OBJC_ROOT_CLASS = YES_ERROR;
				CLANG_WARN_QUOTED_INCLUDE_IN_FRAMEWORK_HEADER = YES;
				CLANG_WARN_RANGE_LOOP_ANALYSIS = YES;
				CLANG_WARN_STRICT_PROTOTYPES = YES;
				CLANG_WARN_SUSPICIOUS_MOVE = YES;
				CLANG_WARN_UNGUARDED_AVAILABILITY = YES_AGGRESSIVE;
				CLANG_WARN_UNREACHABLE_CODE = YES;
				CLANG_WARN__DUPLICATE_METHOD_MATCH = YES;
				COPY_PHASE_STRIP = NO;
				DEBUG_INFORMATION_FORMAT = "dwarf-with-dsym";
				ENABLE_NS_ASSERTIONS = NO;
				ENABLE_STRICT_OBJC_MSGSEND = YES;
				GCC_C_LANGUAGE_STANDARD = gnu11;
				GCC_NO_COMMON_BLOCKS = YES;
				GCC_WARN_64_TO_32_BIT_CONVERSION = YES;
				GCC_WARN_ABOUT_RETURN_TYPE = YES_ERROR;
				GCC_WARN_UNDECLARED_SELECTOR = YES;
				GCC_WARN_UNINITIALIZED_AUTOS = YES_AGGRESSIVE;
				GCC_WARN_UNUSED_FUNCTION = YES;
				GCC_WARN_UNUSED_VARIABLE = YES;
				IPHONEOS_DEPLOYMENT_TARGET = 16.1;
				MTL_ENABLE_DEBUG_INFO = NO;
				MTL_FAST_MATH = YES;
				SDKROOT = iphoneos;
				SWIFT_COMPILATION_MODE = wholemodule;
				SWIFT_OPTIMIZATION_LEVEL = "-O";
				VALIDATE_PRODUCT = YES;
			};
			name = Release;
		};
		846A3A652AD049CE00FFD455 /* Debug */ = {
			isa = XCBuildConfiguration;
			buildSettings = {
				ASSETCATALOG_COMPILER_APPICON_NAME = AppIcon;
				ASSETCATALOG_COMPILER_GLOBAL_ACCENT_COLOR_NAME = AccentColor;
				CODE_SIGN_STYLE = Automatic;
				CURRENT_PROJECT_VERSION = 1;
				DEVELOPMENT_TEAM = 959YZPX78D;
				GENERATE_INFOPLIST_FILE = YES;
				INFOPLIST_FILE = MarvelDemo/Info.plist;
				INFOPLIST_KEY_UIApplicationSupportsIndirectInputEvents = YES;
				INFOPLIST_KEY_UILaunchStoryboardName = LaunchScreen;
				INFOPLIST_KEY_UIMainStoryboardFile = Main;
				INFOPLIST_KEY_UISupportedInterfaceOrientations = UIInterfaceOrientationPortrait;
				INFOPLIST_KEY_UISupportedInterfaceOrientations_iPad = "UIInterfaceOrientationLandscapeLeft UIInterfaceOrientationLandscapeRight";
				INFOPLIST_KEY_UIUserInterfaceStyle = Light;
				IPHONEOS_DEPLOYMENT_TARGET = 15.0;
				LD_RUNPATH_SEARCH_PATHS = (
					"$(inherited)",
					"@executable_path/Frameworks",
				);
				MARKETING_VERSION = 1.0;
				PRODUCT_BUNDLE_IDENTIFIER = demo.MarvelDemo;
				PRODUCT_NAME = "$(TARGET_NAME)";
				SUPPORTED_PLATFORMS = "iphoneos iphonesimulator";
				SUPPORTS_MACCATALYST = NO;
				SUPPORTS_MAC_DESIGNED_FOR_IPHONE_IPAD = YES;
				SWIFT_EMIT_LOC_STRINGS = YES;
				SWIFT_VERSION = 5.0;
				TARGETED_DEVICE_FAMILY = 1;
			};
			name = Debug;
		};
		846A3A662AD049CE00FFD455 /* Release */ = {
			isa = XCBuildConfiguration;
			buildSettings = {
				ASSETCATALOG_COMPILER_APPICON_NAME = AppIcon;
				ASSETCATALOG_COMPILER_GLOBAL_ACCENT_COLOR_NAME = AccentColor;
				CODE_SIGN_STYLE = Automatic;
				CURRENT_PROJECT_VERSION = 1;
				DEVELOPMENT_TEAM = 959YZPX78D;
				GENERATE_INFOPLIST_FILE = YES;
				INFOPLIST_FILE = MarvelDemo/Info.plist;
				INFOPLIST_KEY_UIApplicationSupportsIndirectInputEvents = YES;
				INFOPLIST_KEY_UILaunchStoryboardName = LaunchScreen;
				INFOPLIST_KEY_UIMainStoryboardFile = Main;
				INFOPLIST_KEY_UISupportedInterfaceOrientations = UIInterfaceOrientationPortrait;
				INFOPLIST_KEY_UISupportedInterfaceOrientations_iPad = "UIInterfaceOrientationLandscapeLeft UIInterfaceOrientationLandscapeRight";
				INFOPLIST_KEY_UIUserInterfaceStyle = Light;
				IPHONEOS_DEPLOYMENT_TARGET = 15.0;
				LD_RUNPATH_SEARCH_PATHS = (
					"$(inherited)",
					"@executable_path/Frameworks",
				);
				MARKETING_VERSION = 1.0;
				PRODUCT_BUNDLE_IDENTIFIER = demo.MarvelDemo;
				PRODUCT_NAME = "$(TARGET_NAME)";
				SUPPORTED_PLATFORMS = "iphoneos iphonesimulator";
				SUPPORTS_MACCATALYST = NO;
				SUPPORTS_MAC_DESIGNED_FOR_IPHONE_IPAD = YES;
				SWIFT_EMIT_LOC_STRINGS = YES;
				SWIFT_VERSION = 5.0;
				TARGETED_DEVICE_FAMILY = 1;
			};
			name = Release;
		};
/* End XCBuildConfiguration section */

/* Begin XCConfigurationList section */
		846A3A4B2AD049CD00FFD455 /* Build configuration list for PBXProject "MarvelDemo" */ = {
			isa = XCConfigurationList;
			buildConfigurations = (
				846A3A622AD049CE00FFD455 /* Debug */,
				846A3A632AD049CE00FFD455 /* Release */,
			);
			defaultConfigurationIsVisible = 0;
			defaultConfigurationName = Release;
		};
		846A3A642AD049CE00FFD455 /* Build configuration list for PBXNativeTarget "MarvelDemo" */ = {
			isa = XCConfigurationList;
			buildConfigurations = (
				846A3A652AD049CE00FFD455 /* Debug */,
				846A3A662AD049CE00FFD455 /* Release */,
			);
			defaultConfigurationIsVisible = 0;
			defaultConfigurationName = Release;
		};
/* End XCConfigurationList section */
	};
	rootObject = 846A3A482AD049CD00FFD455 /* Project object */;
}
